[[package]]
name = "core"
source = "path+from-root-BD9159206068AEC6"

[[package]]
name = "guild-pin-fuel"
source = "member"
dependencies = [
    "src_20",
    "src_3",
    "std",
]

[[package]]
name = "src_20"
source = "git+https://github.com/FuelLabs/sway-standards?rev#29cb3a4ad318d847b17936c245b525c1bee3382d"
dependencies = ["std"]

[[package]]
name = "src_3"
source = "git+https://github.com/FuelLabs/sway-standards?rev#29cb3a4ad318d847b17936c245b525c1bee3382d"
dependencies = ["std"]

[[package]]
name = "std"
source = "git+https://github.com/fuellabs/sway?tag=v0.46.1#512a3386f8961185188302f391ccc96553d23a7a"
dependencies = ["core"]
